// !$*UTF8*$!
{
	archiveVersion = 1;
	classes = {
	};
	objectVersion = 48;
	objects = {

/* Begin PBXBuildFile section */
		FFDB810C1FD82DF2007C72A5 /* AppDelegate.swift in Sources */ = {isa = PBXBuildFile; fileRef = FFDB810B1FD82DF2007C72A5 /* AppDelegate.swift */; };
		FFDB810E1FD82DF2007C72A5 /* ViewController.swift in Sources */ = {isa = PBXBuildFile; fileRef = FFDB810D1FD82DF2007C72A5 /* ViewController.swift */; };
		FFDB81111FD82DF2007C72A5 /* Main.storyboard in Resources */ = {isa = PBXBuildFile; fileRef = FFDB810F1FD82DF2007C72A5 /* Main.storyboard */; };
		FFDB81131FD82DF2007C72A5 /* Assets.xcassets in Resources */ = {isa = PBXBuildFile; fileRef = FFDB81121FD82DF2007C72A5 /* Assets.xcassets */; };
		FFDB81161FD82DF2007C72A5 /* LaunchScreen.storyboard in Resources */ = {isa = PBXBuildFile; fileRef = FFDB81141FD82DF2007C72A5 /* LaunchScreen.storyboard */; };
		FFDB81211FD82DF2007C72A5 /* ____Tests.swift in Sources */ = {isa = PBXBuildFile; fileRef = FFDB81201FD82DF2007C72A5 /* ____Tests.swift */; };
		FFDB812C1FD82DF2007C72A5 /* ____UITests.swift in Sources */ = {isa = PBXBuildFile; fileRef = FFDB812B1FD82DF2007C72A5 /* ____UITests.swift */; };
/* End PBXBuildFile section */

/* Begin PBXContainerItemProxy section */
		FFDB811D1FD82DF2007C72A5 /* PBXContainerItemProxy */ = {
			isa = PBXContainerItemProxy;
			containerPortal = FFDB81001FD82DF2007C72A5 /* Project object */;
			proxyType = 1;
			remoteGlobalIDString = FFDB81071FD82DF2007C72A5;
			remoteInfo = "就活手帳";
		};
		FFDB81281FD82DF2007C72A5 /* PBXContainerItemProxy */ = {
			isa = PBXContainerItemProxy;
			containerPortal = FFDB81001FD82DF2007C72A5 /* Project object */;
			proxyType = 1;
			remoteGlobalIDString = FFDB81071FD82DF2007C72A5;
			remoteInfo = "就活手帳";
		};
/* End PBXContainerItemProxy section */

/* Begin PBXFileReference section */
		FFDB81081FD82DF2007C72A5 /* 就活手帳.app */ = {isa = PBXFileReference; explicitFileType = wrapper.application; includeInIndex = 0; path = "就活手帳.app"; sourceTree = BUILT_PRODUCTS_DIR; };
		FFDB810B1FD82DF2007C72A5 /* AppDelegate.swift */ = {isa = PBXFileReference; lastKnownFileType = sourcecode.swift; path = AppDelegate.swift; sourceTree = "<group>"; };
		FFDB810D1FD82DF2007C72A5 /* ViewController.swift */ = {isa = PBXFileReference; lastKnownFileType = sourcecode.swift; path = ViewController.swift; sourceTree = "<group>"; };
		FFDB81101FD82DF2007C72A5 /* Base */ = {isa = PBXFileReference; lastKnownFileType = file.storyboard; name = Base; path = Base.lproj/Main.storyboard; sourceTree = "<group>"; };
		FFDB81121FD82DF2007C72A5 /* Assets.xcassets */ = {isa = PBXFileReference; lastKnownFileType = folder.assetcatalog; path = Assets.xcassets; sourceTree = "<group>"; };
		FFDB81151FD82DF2007C72A5 /* Base */ = {isa = PBXFileReference; lastKnownFileType = file.storyboard; name = Base; path = Base.lproj/LaunchScreen.storyboard; sourceTree = "<group>"; };
		FFDB81171FD82DF2007C72A5 /* Info.plist */ = {isa = PBXFileReference; lastKnownFileType = text.plist.xml; path = Info.plist; sourceTree = "<group>"; };
		FFDB811C1FD82DF2007C72A5 /* 就活手帳Tests.xctest */ = {isa = PBXFileReference; explicitFileType = wrapper.cfbundle; includeInIndex = 0; path = "就活手帳Tests.xctest"; sourceTree = BUILT_PRODUCTS_DIR; };
		FFDB81201FD82DF2007C72A5 /* ____Tests.swift */ = {isa = PBXFileReference; lastKnownFileType = sourcecode.swift; path = "____Tests.swift"; sourceTree = "<group>"; };
		FFDB81221FD82DF2007C72A5 /* Info.plist */ = {isa = PBXFileReference; lastKnownFileType = text.plist.xml; path = Info.plist; sourceTree = "<group>"; };
		FFDB81271FD82DF2007C72A5 /* 就活手帳UITests.xctest */ = {isa = PBXFileReference; explicitFileType = wrapper.cfbundle; includeInIndex = 0; path = "就活手帳UITests.xctest"; sourceTree = BUILT_PRODUCTS_DIR; };
		FFDB812B1FD82DF2007C72A5 /* ____UITests.swift */ = {isa = PBXFileReference; lastKnownFileType = sourcecode.swift; path = "____UITests.swift"; sourceTree = "<group>"; };
		FFDB812D1FD82DF2007C72A5 /* Info.plist */ = {isa = PBXFileReference; lastKnownFileType = text.plist.xml; path = Info.plist; sourceTree = "<group>"; };
/* End PBXFileReference section */

/* Begin PBXFrameworksBuildPhase section */
		FFDB81051FD82DF2007C72A5 /* Frameworks */ = {
			isa = PBXFrameworksBuildPhase;
			buildActionMask = 2147483647;
			files = (
			);
			runOnlyForDeploymentPostprocessing = 0;
		};
		FFDB81191FD82DF2007C72A5 /* Frameworks */ = {
			isa = PBXFrameworksBuildPhase;
			buildActionMask = 2147483647;
			files = (
			);
			runOnlyForDeploymentPostprocessing = 0;
		};
		FFDB81241FD82DF2007C72A5 /* Frameworks */ = {
			isa = PBXFrameworksBuildPhase;
			buildActionMask = 2147483647;
			files = (
			);
			runOnlyForDeploymentPostprocessing = 0;
		};
/* End PBXFrameworksBuildPhase section */

/* Begin PBXGroup section */
		FFDB80FF1FD82DF2007C72A5 = {
			isa = PBXGroup;
			children = (
				FFDB810A1FD82DF2007C72A5 /* 就活手帳 */,
				FFDB811F1FD82DF2007C72A5 /* 就活手帳Tests */,
				FFDB812A1FD82DF2007C72A5 /* 就活手帳UITests */,
				FFDB81091FD82DF2007C72A5 /* Products */,
			);
			sourceTree = "<group>";
		};
		FFDB81091FD82DF2007C72A5 /* Products */ = {
			isa = PBXGroup;
			children = (
				FFDB81081FD82DF2007C72A5 /* 就活手帳.app */,
				FFDB811C1FD82DF2007C72A5 /* 就活手帳Tests.xctest */,
				FFDB81271FD82DF2007C72A5 /* 就活手帳UITests.xctest */,
			);
			name = Products;
			sourceTree = "<group>";
		};
		FFDB810A1FD82DF2007C72A5 /* 就活手帳 */ = {
			isa = PBXGroup;
			children = (
				FFDB810B1FD82DF2007C72A5 /* AppDelegate.swift */,
				FFDB810D1FD82DF2007C72A5 /* ViewController.swift */,
				FFDB810F1FD82DF2007C72A5 /* Main.storyboard */,
				FFDB81121FD82DF2007C72A5 /* Assets.xcassets */,
				FFDB81141FD82DF2007C72A5 /* LaunchScreen.storyboard */,
				FFDB81171FD82DF2007C72A5 /* Info.plist */,
			);
			path = "就活手帳";
			sourceTree = "<group>";
		};
		FFDB811F1FD82DF2007C72A5 /* 就活手帳Tests */ = {
			isa = PBXGroup;
			children = (
				FFDB81201FD82DF2007C72A5 /* ____Tests.swift */,
				FFDB81221FD82DF2007C72A5 /* Info.plist */,
			);
			path = "就活手帳Tests";
			sourceTree = "<group>";
		};
		FFDB812A1FD82DF2007C72A5 /* 就活手帳UITests */ = {
			isa = PBXGroup;
			children = (
				FFDB812B1FD82DF2007C72A5 /* ____UITests.swift */,
				FFDB812D1FD82DF2007C72A5 /* Info.plist */,
			);
			path = "就活手帳UITests";
			sourceTree = "<group>";
		};
/* End PBXGroup section */

/* Begin PBXNativeTarget section */
		FFDB81071FD82DF2007C72A5 /* 就活手帳 */ = {
			isa = PBXNativeTarget;
			buildConfigurationList = FFDB81301FD82DF2007C72A5 /* Build configuration list for PBXNativeTarget "就活手帳" */;
			buildPhases = (
				FFDB81041FD82DF2007C72A5 /* Sources */,
				FFDB81051FD82DF2007C72A5 /* Frameworks */,
				FFDB81061FD82DF2007C72A5 /* Resources */,
			);
			buildRules = (
			);
			dependencies = (
			);
			name = "就活手帳";
			productName = "就活手帳";
			productReference = FFDB81081FD82DF2007C72A5 /* 就活手帳.app */;
			productType = "com.apple.product-type.application";
		};
		FFDB811B1FD82DF2007C72A5 /* 就活手帳Tests */ = {
			isa = PBXNativeTarget;
			buildConfigurationList = FFDB81331FD82DF2007C72A5 /* Build configuration list for PBXNativeTarget "就活手帳Tests" */;
			buildPhases = (
				FFDB81181FD82DF2007C72A5 /* Sources */,
				FFDB81191FD82DF2007C72A5 /* Frameworks */,
				FFDB811A1FD82DF2007C72A5 /* Resources */,
			);
			buildRules = (
			);
			dependencies = (
				FFDB811E1FD82DF2007C72A5 /* PBXTargetDependency */,
			);
			name = "就活手帳Tests";
			productName = "就活手帳Tests";
			productReference = FFDB811C1FD82DF2007C72A5 /* 就活手帳Tests.xctest */;
			productType = "com.apple.product-type.bundle.unit-test";
		};
		FFDB81261FD82DF2007C72A5 /* 就活手帳UITests */ = {
			isa = PBXNativeTarget;
			buildConfigurationList = FFDB81361FD82DF2007C72A5 /* Build configuration list for PBXNativeTarget "就活手帳UITests" */;
			buildPhases = (
				FFDB81231FD82DF2007C72A5 /* Sources */,
				FFDB81241FD82DF2007C72A5 /* Frameworks */,
				FFDB81251FD82DF2007C72A5 /* Resources */,
			);
			buildRules = (
			);
			dependencies = (
				FFDB81291FD82DF2007C72A5 /* PBXTargetDependency */,
			);
			name = "就活手帳UITests";
			productName = "就活手帳UITests";
			productReference = FFDB81271FD82DF2007C72A5 /* 就活手帳UITests.xctest */;
			productType = "com.apple.product-type.bundle.ui-testing";
		};
/* End PBXNativeTarget section */

/* Begin PBXProject section */
		FFDB81001FD82DF2007C72A5 /* Project object */ = {
			isa = PBXProject;
			attributes = {
				LastSwiftUpdateCheck = 0910;
				LastUpgradeCheck = 0910;
				ORGANIZATIONNAME = S.K;
				TargetAttributes = {
					FFDB81071FD82DF2007C72A5 = {
						CreatedOnToolsVersion = 9.1;
						ProvisioningStyle = Automatic;
					};
					FFDB811B1FD82DF2007C72A5 = {
						CreatedOnToolsVersion = 9.1;
						ProvisioningStyle = Automatic;
						TestTargetID = FFDB81071FD82DF2007C72A5;
					};
					FFDB81261FD82DF2007C72A5 = {
						CreatedOnToolsVersion = 9.1;
						ProvisioningStyle = Automatic;
						TestTargetID = FFDB81071FD82DF2007C72A5;
					};
				};
			};
			buildConfigurationList = FFDB81031FD82DF2007C72A5 /* Build configuration list for PBXProject "就活手帳" */;
			compatibilityVersion = "Xcode 8.0";
			developmentRegion = en;
			hasScannedForEncodings = 0;
			knownRegions = (
				en,
				Base,
			);
			mainGroup = FFDB80FF1FD82DF2007C72A5;
			productRefGroup = FFDB81091FD82DF2007C72A5 /* Products */;
			projectDirPath = "";
			projectRoot = "";
			targets = (
				FFDB81071FD82DF2007C72A5 /* 就活手帳 */,
				FFDB811B1FD82DF2007C72A5 /* 就活手帳Tests */,
				FFDB81261FD82DF2007C72A5 /* 就活手帳UITests */,
			);
		};
/* End PBXProject section */

/* Begin PBXResourcesBuildPhase section */
		FFDB81061FD82DF2007C72A5 /* Resources */ = {
			isa = PBXResourcesBuildPhase;
			buildActionMask = 2147483647;
			files = (
				FFDB81161FD82DF2007C72A5 /* LaunchScreen.storyboard in Resources */,
				FFDB81131FD82DF2007C72A5 /* Assets.xcassets in Resources */,
				FFDB81111FD82DF2007C72A5 /* Main.storyboard in Resources */,
			);
			runOnlyForDeploymentPostprocessing = 0;
		};
		FFDB811A1FD82DF2007C72A5 /* Resources */ = {
			isa = PBXResourcesBuildPhase;
			buildActionMask = 2147483647;
			files = (
			);
			runOnlyForDeploymentPostprocessing = 0;
		};
		FFDB81251FD82DF2007C72A5 /* Resources */ = {
			isa = PBXResourcesBuildPhase;
			buildActionMask = 2147483647;
			files = (
			);
			runOnlyForDeploymentPostprocessing = 0;
		};
/* End PBXResourcesBuildPhase section */

/* Begin PBXSourcesBuildPhase section */
		FFDB81041FD82DF2007C72A5 /* Sources */ = {
			isa = PBXSourcesBuildPhase;
			buildActionMask = 2147483647;
			files = (
				FFDB810E1FD82DF2007C72A5 /* ViewController.swift in Sources */,
				FFDB810C1FD82DF2007C72A5 /* AppDelegate.swift in Sources */,
			);
			runOnlyForDeploymentPostprocessing = 0;
		};
		FFDB81181FD82DF2007C72A5 /* Sources */ = {
			isa = PBXSourcesBuildPhase;
			buildActionMask = 2147483647;
			files = (
				FFDB81211FD82DF2007C72A5 /* ____Tests.swift in Sources */,
			);
			runOnlyForDeploymentPostprocessing = 0;
		};
		FFDB81231FD82DF2007C72A5 /* Sources */ = {
			isa = PBXSourcesBuildPhase;
			buildActionMask = 2147483647;
			files = (
				FFDB812C1FD82DF2007C72A5 /* ____UITests.swift in Sources */,
			);
			runOnlyForDeploymentPostprocessing = 0;
		};
/* End PBXSourcesBuildPhase section */

/* Begin PBXTargetDependency section */
		FFDB811E1FD82DF2007C72A5 /* PBXTargetDependency */ = {
			isa = PBXTargetDependency;
			target = FFDB81071FD82DF2007C72A5 /* 就活手帳 */;
			targetProxy = FFDB811D1FD82DF2007C72A5 /* PBXContainerItemProxy */;
		};
		FFDB81291FD82DF2007C72A5 /* PBXTargetDependency */ = {
			isa = PBXTargetDependency;
			target = FFDB81071FD82DF2007C72A5 /* 就活手帳 */;
			targetProxy = FFDB81281FD82DF2007C72A5 /* PBXContainerItemProxy */;
		};
/* End PBXTargetDependency section */

/* Begin PBXVariantGroup section */
		FFDB810F1FD82DF2007C72A5 /* Main.storyboard */ = {
			isa = PBXVariantGroup;
			children = (
				FFDB81101FD82DF2007C72A5 /* Base */,
			);
			name = Main.storyboard;
			sourceTree = "<group>";
		};
		FFDB81141FD82DF2007C72A5 /* LaunchScreen.storyboard */ = {
			isa = PBXVariantGroup;
			children = (
				FFDB81151FD82DF2007C72A5 /* Base */,
			);
			name = LaunchScreen.storyboard;
			sourceTree = "<group>";
		};
/* End PBXVariantGroup section */

/* Begin XCBuildConfiguration section */
		FFDB812E1FD82DF2007C72A5 /* Debug */ = {
			isa = XCBuildConfiguration;
			buildSettings = {
				ALWAYS_SEARCH_USER_PATHS = NO;
				CLANG_ANALYZER_NONNULL = YES;
				CLANG_ANALYZER_NUMBER_OBJECT_CONVERSION = YES_AGGRESSIVE;
				CLANG_CXX_LANGUAGE_STANDARD = "gnu++14";
				CLANG_CXX_LIBRARY = "libc++";
				CLANG_ENABLE_MODULES = YES;
				CLANG_ENABLE_OBJC_ARC = YES;
				CLANG_WARN_BLOCK_CAPTURE_AUTORELEASING = YES;
				CLANG_WARN_BOOL_CONVERSION = YES;
				CLANG_WARN_COMMA = YES;
				CLANG_WARN_CONSTANT_CONVERSION = YES;
				CLANG_WARN_DIRECT_OBJC_ISA_USAGE = YES_ERROR;
				CLANG_WARN_DOCUMENTATION_COMMENTS = YES;
				CLANG_WARN_EMPTY_BODY = YES;
				CLANG_WARN_ENUM_CONVERSION = YES;
				CLANG_WARN_INFINITE_RECURSION = YES;
				CLANG_WARN_INT_CONVERSION = YES;
				CLANG_WARN_NON_LITERAL_NULL_CONVERSION = YES;
				CLANG_WARN_OBJC_LITERAL_CONVERSION = YES;
				CLANG_WARN_OBJC_ROOT_CLASS = YES_ERROR;
				CLANG_WARN_RANGE_LOOP_ANALYSIS = YES;
				CLANG_WARN_STRICT_PROTOTYPES = YES;
				CLANG_WARN_SUSPICIOUS_MOVE = YES;
				CLANG_WARN_UNGUARDED_AVAILABILITY = YES_AGGRESSIVE;
				CLANG_WARN_UNREACHABLE_CODE = YES;
				CLANG_WARN__DUPLICATE_METHOD_MATCH = YES;
				CODE_SIGN_IDENTITY = "iPhone Developer";
				COPY_PHASE_STRIP = NO;
				DEBUG_INFORMATION_FORMAT = dwarf;
				ENABLE_STRICT_OBJC_MSGSEND = YES;
				ENABLE_TESTABILITY = YES;
				GCC_C_LANGUAGE_STANDARD = gnu11;
				GCC_DYNAMIC_NO_PIC = NO;
				GCC_NO_COMMON_BLOCKS = YES;
				GCC_OPTIMIZATION_LEVEL = 0;
				GCC_PREPROCESSOR_DEFINITIONS = (
					"DEBUG=1",
					"$(inherited)",
				);
				GCC_WARN_64_TO_32_BIT_CONVERSION = YES;
				GCC_WARN_ABOUT_RETURN_TYPE = YES_ERROR;
				GCC_WARN_UNDECLARED_SELECTOR = YES;
				GCC_WARN_UNINITIALIZED_AUTOS = YES_AGGRESSIVE;
				GCC_WARN_UNUSED_FUNCTION = YES;
				GCC_WARN_UNUSED_VARIABLE = YES;
				IPHONEOS_DEPLOYMENT_TARGET = 11.1;
				MTL_ENABLE_DEBUG_INFO = YES;
				ONLY_ACTIVE_ARCH = YES;
				SDKROOT = iphoneos;
				SWIFT_ACTIVE_COMPILATION_CONDITIONS = DEBUG;
				SWIFT_OPTIMIZATION_LEVEL = "-Onone";
			};
			name = Debug;
		};
		FFDB812F1FD82DF2007C72A5 /* Release */ = {
			isa = XCBuildConfiguration;
			buildSettings = {
				ALWAYS_SEARCH_USER_PATHS = NO;
				CLANG_ANALYZER_NONNULL = YES;
				CLANG_ANALYZER_NUMBER_OBJECT_CONVERSION = YES_AGGRESSIVE;
				CLANG_CXX_LANGUAGE_STANDARD = "gnu++14";
				CLANG_CXX_LIBRARY = "libc++";
				CLANG_ENABLE_MODULES = YES;
				CLANG_ENABLE_OBJC_ARC = YES;
				CLANG_WARN_BLOCK_CAPTURE_AUTORELEASING = YES;
				CLANG_WARN_BOOL_CONVERSION = YES;
				CLANG_WARN_COMMA = YES;
				CLANG_WARN_CONSTANT_CONVERSION = YES;
				CLANG_WARN_DIRECT_OBJC_ISA_USAGE = YES_ERROR;
				CLANG_WARN_DOCUMENTATION_COMMENTS = YES;
				CLANG_WARN_EMPTY_BODY = YES;
				CLANG_WARN_ENUM_CONVERSION = YES;
				CLANG_WARN_INFINITE_RECURSION = YES;
				CLANG_WARN_INT_CONVERSION = YES;
				CLANG_WARN_NON_LITERAL_NULL_CONVERSION = YES;
				CLANG_WARN_OBJC_LITERAL_CONVERSION = YES;
				CLANG_WARN_OBJC_ROOT_CLASS = YES_ERROR;
				CLANG_WARN_RANGE_LOOP_ANALYSIS = YES;
				CLANG_WARN_STRICT_PROTOTYPES = YES;
				CLANG_WARN_SUSPICIOUS_MOVE = YES;
				CLANG_WARN_UNGUARDED_AVAILABILITY = YES_AGGRESSIVE;
				CLANG_WARN_UNREACHABLE_CODE = YES;
				CLANG_WARN__DUPLICATE_METHOD_MATCH = YES;
				CODE_SIGN_IDENTITY = "iPhone Developer";
				COPY_PHASE_STRIP = NO;
				DEBUG_INFORMATION_FORMAT = "dwarf-with-dsym";
				ENABLE_NS_ASSERTIONS = NO;
				ENABLE_STRICT_OBJC_MSGSEND = YES;
				GCC_C_LANGUAGE_STANDARD = gnu11;
				GCC_NO_COMMON_BLOCKS = YES;
				GCC_WARN_64_TO_32_BIT_CONVERSION = YES;
				GCC_WARN_ABOUT_RETURN_TYPE = YES_ERROR;
				GCC_WARN_UNDECLARED_SELECTOR = YES;
				GCC_WARN_UNINITIALIZED_AUTOS = YES_AGGRESSIVE;
				GCC_WARN_UNUSED_FUNCTION = YES;
				GCC_WARN_UNUSED_VARIABLE = YES;
				IPHONEOS_DEPLOYMENT_TARGET = 11.1;
				MTL_ENABLE_DEBUG_INFO = NO;
				SDKROOT = iphoneos;
				SWIFT_OPTIMIZATION_LEVEL = "-Owholemodule";
				VALIDATE_PRODUCT = YES;
			};
			name = Release;
		};
		FFDB81311FD82DF2007C72A5 /* Debug */ = {
			isa = XCBuildConfiguration;
			buildSettings = {
				ASSETCATALOG_COMPILER_APPICON_NAME = AppIcon;
				CODE_SIGN_STYLE = Automatic;
				INFOPLIST_FILE = "就活手帳/Info.plist";
				LD_RUNPATH_SEARCH_PATHS = "$(inherited) @executable_path/Frameworks";
				PRODUCT_BUNDLE_IDENTIFIER = "S.K.----";
				PRODUCT_NAME = "$(TARGET_NAME)";
				SWIFT_VERSION = 4.0;
				TARGETED_DEVICE_FAMILY = "1,2";
			};
			name = Debug;
		};
		FFDB81321FD82DF2007C72A5 /* Release */ = {
			isa = XCBuildConfiguration;
			buildSettings = {
				ASSETCATALOG_COMPILER_APPICON_NAME = AppIcon;
				CODE_SIGN_STYLE = Automatic;
				INFOPLIST_FILE = "就活手帳/Info.plist";
				LD_RUNPATH_SEARCH_PATHS = "$(inherited) @executable_path/Frameworks";
				PRODUCT_BUNDLE_IDENTIFIER = "S.K.----";
				PRODUCT_NAME = "$(TARGET_NAME)";
				SWIFT_VERSION = 4.0;
				TARGETED_DEVICE_FAMILY = "1,2";
			};
			name = Release;
		};
		FFDB81341FD82DF2007C72A5 /* Debug */ = {
			isa = XCBuildConfiguration;
			buildSettings = {
				ALWAYS_EMBED_SWIFT_STANDARD_LIBRARIES = YES;
				BUNDLE_LOADER = "$(TEST_HOST)";
				CODE_SIGN_STYLE = Automatic;
				INFOPLIST_FILE = "就活手帳Tests/Info.plist";
				LD_RUNPATH_SEARCH_PATHS = "$(inherited) @executable_path/Frameworks @loader_path/Frameworks";
				PRODUCT_BUNDLE_IDENTIFIER = "S.K.----Tests";
				PRODUCT_NAME = "$(TARGET_NAME)";
				SWIFT_VERSION = 4.0;
				TARGETED_DEVICE_FAMILY = "1,2";
				TEST_HOST = "$(BUILT_PRODUCTS_DIR)/就活手帳.app/就活手帳";
			};
			name = Debug;
		};
		FFDB81351FD82DF2007C72A5 /* Release */ = {
			isa = XCBuildConfiguration;
			buildSettings = {
				ALWAYS_EMBED_SWIFT_STANDARD_LIBRARIES = YES;
				BUNDLE_LOADER = "$(TEST_HOST)";
				CODE_SIGN_STYLE = Automatic;
				INFOPLIST_FILE = "就活手帳Tests/Info.plist";
				LD_RUNPATH_SEARCH_PATHS = "$(inherited) @executable_path/Frameworks @loader_path/Frameworks";
				PRODUCT_BUNDLE_IDENTIFIER = "S.K.----Tests";
				PRODUCT_NAME = "$(TARGET_NAME)";
				SWIFT_VERSION = 4.0;
				TARGETED_DEVICE_FAMILY = "1,2";
				TEST_HOST = "$(BUILT_PRODUCTS_DIR)/就活手帳.app/就活手帳";
			};
			name = Release;
		};
		FFDB81371FD82DF2007C72A5 /* Debug */ = {
			isa = XCBuildConfiguration;
			buildSettings = {
				ALWAYS_EMBED_SWIFT_STANDARD_LIBRARIES = YES;
				CODE_SIGN_STYLE = Automatic;
				INFOPLIST_FILE = "就活手帳UITests/Info.plist";
				LD_RUNPATH_SEARCH_PATHS = "$(inherited) @executable_path/Frameworks @loader_path/Frameworks";
				PRODUCT_BUNDLE_IDENTIFIER = "S.K.----UITests";
				PRODUCT_NAME = "$(TARGET_NAME)";
				SWIFT_VERSION = 4.0;
				TARGETED_DEVICE_FAMILY = "1,2";
				TEST_TARGET_NAME = "就活手帳";
			};
			name = Debug;
		};
		FFDB81381FD82DF2007C72A5 /* Release */ = {
			isa = XCBuildConfiguration;
			buildSettings = {
				ALWAYS_EMBED_SWIFT_STANDARD_LIBRARIES = YES;
				CODE_SIGN_STYLE = Automatic;
				INFOPLIST_FILE = "就活手帳UITests/Info.plist";
				LD_RUNPATH_SEARCH_PATHS = "$(inherited) @executable_path/Frameworks @loader_path/Frameworks";
				PRODUCT_BUNDLE_IDENTIFIER = "S.K.----UITests";
				PRODUCT_NAME = "$(TARGET_NAME)";
				SWIFT_VERSION = 4.0;
				TARGETED_DEVICE_FAMILY = "1,2";
				TEST_TARGET_NAME = "就活手帳";
			};
			name = Release;
		};
/* End XCBuildConfiguration section */

/* Begin XCConfigurationList section */
		FFDB81031FD82DF2007C72A5 /* Build configuration list for PBXProject "就活手帳" */ = {
			isa = XCConfigurationList;
			buildConfigurations = (
				FFDB812E1FD82DF2007C72A5 /* Debug */,
				FFDB812F1FD82DF2007C72A5 /* Release */,
			);
			defaultConfigurationIsVisible = 0;
			defaultConfigurationName = Release;
		};
		FFDB81301FD82DF2007C72A5 /* Build configuration list for PBXNativeTarget "就活手帳" */ = {
			isa = XCConfigurationList;
			buildConfigurations = (
				FFDB81311FD82DF2007C72A5 /* Debug */,
				FFDB81321FD82DF2007C72A5 /* Release */,
			);
			defaultConfigurationIsVisible = 0;
			defaultConfigurationName = Release;
		};
		FFDB81331FD82DF2007C72A5 /* Build configuration list for PBXNativeTarget "就活手帳Tests" */ = {
			isa = XCConfigurationList;
			buildConfigurations = (
				FFDB81341FD82DF2007C72A5 /* Debug */,
				FFDB81351FD82DF2007C72A5 /* Release */,
			);
			defaultConfigurationIsVisible = 0;
			defaultConfigurationName = Release;
		};
		FFDB81361FD82DF2007C72A5 /* Build configuration list for PBXNativeTarget "就活手帳UITests" */ = {
			isa = XCConfigurationList;
			buildConfigurations = (
				FFDB81371FD82DF2007C72A5 /* Debug */,
				FFDB81381FD82DF2007C72A5 /* Release */,
			);
			defaultConfigurationIsVisible = 0;
			defaultConfigurationName = Release;
		};
/* End XCConfigurationList section */
	};
	rootObject = FFDB81001FD82DF2007C72A5 /* Project object */;
}
